
Microsoft Visual Studio Solution File, Format Version 12.00
# Visual Studio Version 17
VisualStudioVersion = 17.4.33213.308
MinimumVisualStudioVersion = 10.0.40219.1
Project("{9A19103F-16F7-4668-BE54-9A1E7A4F7556}") = "GameBotAlpha", "GameBotAlpha\GameBotAlpha.csproj", "{C00B8D5B-0BE4-442F-A51B-09E66FF5421F}"
EndProject
Project("{FAE04EC0-301F-11D3-BF4B-00C04F79EFBC}") = "GameBotAlpha.Data", "GameBotAlpha.Data\GameBotAlpha.Data.csproj", "{0AC96EBE-8AC6-444A-B7B1-07BCDD41DEEB}"
EndProject
Project("{FAE04EC0-301F-11D3-BF4B-00C04F79EFBC}") = "GameBotAlpha.Services", "GameBotAlpha.Services\GameBotAlpha.Services.csproj", "{53601D40-AE5E-4A71-83C1-08810A7CF24A}"
EndProject
Global
	GlobalSection(SolutionConfigurationPlatforms) = preSolution
		Debug|Any CPU = Debug|Any CPU
		Release|Any CPU = Release|Any CPU
	EndGlobalSection
	GlobalSection(ProjectConfigurationPlatforms) = postSolution
		{C00B8D5B-0BE4-442F-A51B-09E66FF5421F}.Debug|Any CPU.ActiveCfg = Debug|Any CPU
		{C00B8D5B-0BE4-442F-A51B-09E66FF5421F}.Debug|Any CPU.Build.0 = Debug|Any CPU
		{C00B8D5B-0BE4-442F-A51B-09E66FF5421F}.Release|Any CPU.ActiveCfg = Release|Any CPU
		{C00B8D5B-0BE4-442F-A51B-09E66FF5421F}.Release|Any CPU.Build.0 = Release|Any CPU
		{0AC96EBE-8AC6-444A-B7B1-07BCDD41DEEB}.Debug|Any CPU.ActiveCfg = Debug|Any CPU
		{0AC96EBE-8AC6-444A-B7B1-07BCDD41DEEB}.Debug|Any CPU.Build.0 = Debug|Any CPU
		{0AC96EBE-8AC6-444A-B7B1-07BCDD41DEEB}.Release|Any CPU.ActiveCfg = Release|Any CPU
		{0AC96EBE-8AC6-444A-B7B1-07BCDD41DEEB}.Release|Any CPU.Build.0 = Release|Any CPU
		{53601D40-AE5E-4A71-83C1-08810A7CF24A}.Debug|Any CPU.ActiveCfg = Debug|Any CPU
		{53601D40-AE5E-4A71-83C1-08810A7CF24A}.Debug|Any CPU.Build.0 = Debug|Any CPU
		{53601D40-AE5E-4A71-83C1-08810A7CF24A}.Release|Any CPU.ActiveCfg = Release|Any CPU
		{53601D40-AE5E-4A71-83C1-08810A7CF24A}.Release|Any CPU.Build.0 = Release|Any CPU
	EndGlobalSection
	GlobalSection(SolutionProperties) = preSolution
		HideSolutionNode = FALSE
	EndGlobalSection
	GlobalSection(ExtensibilityGlobals) = postSolution
		SolutionGuid = {79A0ED10-AEFF-439D-AB22-E3C74B3AFE45}
	EndGlobalSection
EndGlobal
